
Microsoft Visual Studio Solution File, Format Version 12.00
# Visual Studio Version 16
VisualStudioVersion = 16.0.30517.126
MinimumVisualStudioVersion = 10.0.40219.1
Project("{FAE04EC0-301F-11D3-BF4B-00C04F79EFBC}") = "GettersAndSetters", "GettersAndSetters\GettersAndSetters.csproj", "{4DDBB47A-1F63-4371-9ED3-5071EB604191}"
EndProject
Global
	GlobalSection(SolutionConfigurationPlatforms) = preSolution
		Debug|Any CPU = Debug|Any CPU
		Release|Any CPU = Release|Any CPU
	EndGlobalSection
	GlobalSection(ProjectConfigurationPlatforms) = postSolution
		{4DDBB47A-1F63-4371-9ED3-5071EB604191}.Debug|Any CPU.ActiveCfg = Debug|Any CPU
		{4DDBB47A-1F63-4371-9ED3-5071EB604191}.Debug|Any CPU.Build.0 = Debug|Any CPU
		{4DDBB47A-1F63-4371-9ED3-5071EB604191}.Release|Any CPU.ActiveCfg = Release|Any CPU
		{4DDBB47A-1F63-4371-9ED3-5071EB604191}.Release|Any CPU.Build.0 = Release|Any CPU
	EndGlobalSection
	GlobalSection(SolutionProperties) = preSolution
		HideSolutionNode = FALSE
	EndGlobalSection
	GlobalSection(ExtensibilityGlobals) = postSolution
		SolutionGuid = {E23EC68D-554C-4276-B4D2-F3DA8405F017}
	EndGlobalSection
EndGlobal
